{
    "_readme": [
        "This file locks the dependencies of your project to a known state",
        "Read more about it at https://getcomposer.org/doc/01-basic-usage.md#composer-lock-the-lock-file",
        "This file is @generated automatically"
    ],
    "hash": "4b2811c3c9bdf893a71ade9f2b203d76",
    "content-hash": "8de992c6d3f1a42e37f774857e90e5a8",
    "packages": [
        {
            "name": "fguillot/picofeed",
            "version": "v0.1.23",
            "source": {
                "type": "git",
                "url": "https://github.com/fguillot/picoFeed.git",
                "reference": "a7c3d420c239fe9ffc39b0d06b6e57db39ce3797"
            },
            "dist": {
                "type": "zip",
                "url": "https://api.github.com/repos/fguillot/picoFeed/zipball/a7c3d420c239fe9ffc39b0d06b6e57db39ce3797",
                "reference": "a7c3d420c239fe9ffc39b0d06b6e57db39ce3797",
                "shasum": ""
            },
            "require": {
                "ext-dom": "*",
                "ext-iconv": "*",
                "ext-libxml": "*",
                "ext-simplexml": "*",
                "ext-xml": "*",
                "php": ">=5.3.0",
                "zendframework/zendxml": "^1.0"
            },
            "suggest": {
                "ext-curl": "PicoFeed will use cURL if present"
            },
            "bin": [
                "picofeed"
            ],
            "type": "library",
            "autoload": {
                "psr-0": {
                    "PicoFeed": "lib/"
                }
            },
            "notification-url": "https://packagist.org/downloads/",
            "license": [
                "MIT"
            ],
            "authors": [
                {
                    "name": "Frédéric Guillot"
                }
            ],
            "description": "Modern library to handle RSS/Atom feeds",
            "homepage": "https://github.com/fguillot/picoFeed",
            "time": "2016-04-17 22:31:55"
        },
        {
            "name": "gorkalaucirica/hipchat-v2-api-client",
            "version": "v1.5.0",
            "target-dir": "GorkaLaucirica/HipchatAPIv2Client",
            "source": {
                "type": "git",
                "url": "https://github.com/gorkalaucirica/HipchatAPIv2Client.git",
                "reference": "30ebdd77cca56e18afa41491eb62616486e076d2"
            },
            "dist": {
                "type": "zip",
                "url": "https://api.github.com/repos/gorkalaucirica/HipchatAPIv2Client/zipball/30ebdd77cca56e18afa41491eb62616486e076d2",
                "reference": "30ebdd77cca56e18afa41491eb62616486e076d2",
                "shasum": ""
            },
            "require": {
                "kriswallsmith/buzz": "0.10",
                "php": ">=5.3.3"
            },
            "require-dev": {
                "henrikbjorn/phpspec-code-coverage": "1.0.*@dev",
                "phpspec/phpspec": "2.0.*@dev"
            },
            "type": "library",
            "autoload": {
                "psr-0": {
                    "GorkaLaucirica\\HipchatAPIv2Client": ""
                }
            },
            "notification-url": "https://packagist.org/downloads/",
            "license": [
                "MIT"
            ],
            "authors": [
                {
                    "name": "Gorka Laucirica",
                    "email": "gorka.lauzirika@gmail.com",
                    "homepage": "http://gorkalaucirica.net/"
                }
            ],
            "description": "Hipchat v2 API client",
            "homepage": "https://github.com/gorkalaucirica/HipchatAPIv2Client",
            "keywords": [
                "api",
                "client",
                "hipchat",
                "library",
                "v2"
            ],
            "time": "2015-10-08 21:36:23"
        },
        {
            "name": "kriswallsmith/buzz",
            "version": "v0.10",
            "source": {
                "type": "git",
                "url": "https://github.com/kriswallsmith/Buzz.git",
                "reference": "759432d66387e3433d3b06cb6f773b97225b9b17"
            },
            "dist": {
                "type": "zip",
                "url": "https://api.github.com/repos/kriswallsmith/Buzz/zipball/759432d66387e3433d3b06cb6f773b97225b9b17",
                "reference": "759432d66387e3433d3b06cb6f773b97225b9b17",
                "shasum": ""
            },
            "require": {
                "php": ">=5.3.0"
            },
            "require-dev": {
                "phpunit/phpunit": "3.7.*"
            },
            "suggest": {
                "ext-curl": "*"
            },
            "type": "library",
            "autoload": {
                "psr-0": {
                    "Buzz": "lib/"
                }
            },
            "notification-url": "https://packagist.org/downloads/",
            "license": [
                "MIT"
            ],
            "authors": [
                {
                    "name": "Kris Wallsmith",
                    "email": "kris.wallsmith@gmail.com",
                    "homepage": "http://kriswallsmith.net/"
                }
            ],
            "description": "Lightweight HTTP client",
            "homepage": "https://github.com/kriswallsmith/Buzz",
            "keywords": [
                "curl",
                "http client"
            ],
            "time": "2013-05-19 03:41:15"
        },
        {
            "name": "zendframework/zendxml",
            "version": "1.0.2",
            "source": {
                "type": "git",
                "url": "https://github.com/zendframework/ZendXml.git",
                "reference": "7b64507bc35d841c9c5802d67f6f87ef8e1a58c9"
            },
            "dist": {
                "type": "zip",
                "url": "https://api.github.com/repos/zendframework/ZendXml/zipball/7b64507bc35d841c9c5802d67f6f87ef8e1a58c9",
                "reference": "7b64507bc35d841c9c5802d67f6f87ef8e1a58c9",
                "shasum": ""
            },
            "require": {
                "php": "^5.3.3 || ^7.0"
            },
            "require-dev": {
                "phpunit/phpunit": "^3.7 || ^4.0",
                "squizlabs/php_codesniffer": "^1.5"
            },
            "type": "library",
            "extra": {
                "branch-alias": {
                    "dev-master": "1.0-dev"
                }
            },
            "autoload": {
                "psr-0": {
                    "ZendXml\\": "library/"
                }
            },
            "notification-url": "https://packagist.org/downloads/",
            "license": [
                "BSD-3-Clause"
            ],
            "description": "Utility library for XML usage, best practices, and security in PHP",
            "homepage": "http://packages.zendframework.com/",
            "keywords": [
                "security",
                "xml",
                "zf2"
            ],
            "time": "2016-02-04 21:02:08"
        }
    ],
    "packages-dev": [],
    "aliases": [],
    "minimum-stability": "stable",
    "stability-flags": {
        "fguillot/picofeed": 0
    },
    "prefer-stable": false,
    "prefer-lowest": false,
    "platform": [],
    "platform-dev": []
}
